{
  "version": 4,
  "terraform_version": "0.12.19",
  "serial": 12,
  "lineage": "e9ca4159-5554-eede-586a-ec21ea9f28db",
  "outputs": {
    "endpoint": {
      "value": "35.184.88.117",
      "type": "string"
    },
    "master_version": {
      "value": "1.13.11-gke.14",
      "type": "string"
    }
  },
  "resources": [
    {
      "mode": "managed",
      "type": "google_container_cluster",
      "name": "default",
      "provider": "provider.google",
      "instances": [
        {
          "schema_version": 1,
          "attributes": {
            "additional_zones": [],
            "addons_config": [
              {
                "horizontal_pod_autoscaling": [],
                "http_load_balancing": [],
                "kubernetes_dashboard": [],
                "network_policy_config": [
                  {
                    "disabled": true
                  }
                ]
              }
            ],
            "authenticator_groups_config": [],
            "cluster_autoscaling": [
              {
                "auto_provisioning_defaults": [],
                "enabled": false,
                "resource_limits": []
              }
            ],
            "cluster_ipv4_cidr": "10.16.0.0/14",
            "default_max_pods_per_node": 110,
            "description": "Armandete GKE Cluster",
            "enable_binary_authorization": null,
            "enable_intranode_visibility": null,
            "enable_kubernetes_alpha": false,
            "enable_legacy_abac": false,
            "enable_tpu": null,
            "endpoint": "35.184.88.117",
            "id": "projects/wp-proj1-264618/locations/us-central1/clusters/armandete-cluster",
            "initial_node_count": 1,
            "instance_group_urls": [
              "https://www.googleapis.com/compute/v1/projects/wp-proj1-264618/zones/us-central1-f/instanceGroups/gke-armandete-cluste-armandete-cluste-5202f1c6-grp",
              "https://www.googleapis.com/compute/v1/projects/wp-proj1-264618/zones/us-central1-b/instanceGroups/gke-armandete-cluste-armandete-cluste-e47eebee-grp",
              "https://www.googleapis.com/compute/v1/projects/wp-proj1-264618/zones/us-central1-c/instanceGroups/gke-armandete-cluste-armandete-cluste-fd86641c-grp"
            ],
            "ip_allocation_policy": [],
            "location": "us-central1",
            "logging_service": "logging.googleapis.com/kubernetes",
            "maintenance_policy": [],
            "master_auth": [
              {
                "client_certificate": "",
                "client_certificate_config": [
                  {
                    "issue_client_certificate": false
                  }
                ],
                "client_key": "",
                "cluster_ca_certificate": "LS0tLS1CRUdJTiBDRVJUSUZJQ0FURS0tLS0tCk1JSURDekNDQWZPZ0F3SUJBZ0lRVGVrWUx0dzNqdytOWmY3RXNkeFZOakFOQmdrcWhraUc5dzBCQVFzRkFEQXYKTVMwd0t3WURWUVFERXlRNU5XSXpZMlU1TmkwNU9URTFMVFE0TkdJdE9XWTBOeTA1WXpreE1tUTBOV0ZqTTJZdwpIaGNOTWpBd01URTBNakV4T0RFeFdoY05NalV3TVRFeU1qSXhPREV4V2pBdk1TMHdLd1lEVlFRREV5UTVOV0l6ClkyVTVOaTA1T1RFMUxUUTROR0l0T1dZME55MDVZemt4TW1RME5XRmpNMll3Z2dFaU1BMEdDU3FHU0liM0RRRUIKQVFVQUE0SUJEd0F3Z2dFS0FvSUJBUURwS0lDVklYZEZjMWtxUkZxdnFSbm1QWGM4Q0dvWnZRVXJTMkJJNmdOSworYkw3SUprVHQxSEZsZTNiN2puakkxd1d1NmR5RHNaeXJVNzhmUGh0ZFhYQkVmN1NzMUJUS3kvTlR0V1RXUXlJCkdGQjRoL1dhengwODd3ckJBWUZMWjB4WXdULzJNblJDQW1MbFNnNlhycm5OWG5xcjZMMXN6OUVSSnVCa0EwRXAKWi9OTEM1NlZzZ21ER3lhZlRjR2ZXNG1obmNmR05hMkwzREtMNUx2eWhBcGdiV3dLUWNLVldNcWNjall1cDN4SgpPVlVma05jdjhkRU5jbUpJWVFQRUJsbDVyV1pmOUh1eThYSW96c0tWMXVNWWVtN0l5ekJBajQrcVpESE9PVUVUClcweUU4NlFPK1huZG16VXV4OUZ4MGVScjN5RjF3aEQvTUZQa2F1VHpGZ2NWQWdNQkFBR2pJekFoTUE0R0ExVWQKRHdFQi93UUVBd0lDQkRBUEJnTlZIUk1CQWY4RUJUQURBUUgvTUEwR0NTcUdTSWIzRFFFQkN3VUFBNElCQVFBNQphb2RPOElsQ1VCcUFlU3Q0dzRmWjFPN2lETXVZRlluWEFNVjZJcVdZOU1VYytpZUhoWHpRUE9INXRRTVNmL0orCmp3eXh6QzZqc0RmNHl5ZXpHZTYvcjF6Uk5MQUQ2VDFzOEhtSjB6SEJlOUVBZk8wck1xcU5kUHZPT2F1SVJVTHMKdm44RUI5cWJvVDlTT0VieUtYNHhhdUhqcWxqRTZ1N0UzN1Jzb01NSVh1RnNJUTI3SEd0NUV2bzhuSk0yUTVqaAp1MFlGQTRNQkw4UEY1T0hmb0hLR3FRZ2pDQ0NPUlE3RzMzQkVReVcyQTlPRTNEUXdvS1RWeDdRSEZGc2VwSm9yCnVVdkNQNU5iMWY4U2F5dFh4MkF5STNkVmorUnBhd3dSNDZZajRVS0RBWCtpbzc3bUc3Y3VJeVhDNjMrY3d3a2wKTWVhTWE1TWVUYXN2NXEydFV1ZmMKLS0tLS1FTkQgQ0VSVElGSUNBVEUtLS0tLQo=",
                "password": "",
                "username": ""
              }
            ],
            "master_authorized_networks_config": [],
            "master_version": "1.13.11-gke.14",
            "min_master_version": null,
            "monitoring_service": "monitoring.googleapis.com/kubernetes",
            "name": "armandete-cluster",
            "network": "projects/wp-proj1-264618/global/networks/default",
            "network_policy": [
              {
                "enabled": false,
                "provider": "PROVIDER_UNSPECIFIED"
              }
            ],
            "node_config": [
              {
                "disk_size_gb": 100,
                "disk_type": "pd-standard",
                "guest_accelerator": [],
                "image_type": "COS",
                "labels": {},
                "local_ssd_count": 0,
                "machine_type": "g1-small",
                "metadata": {
                  "disable-legacy-endpoints": "true"
                },
                "min_cpu_platform": "",
                "oauth_scopes": [
                  "https://www.googleapis.com/auth/logging.write",
                  "https://www.googleapis.com/auth/monitoring"
                ],
                "preemptible": true,
                "sandbox_config": [],
                "service_account": "default",
                "shielded_instance_config": [
                  {
                    "enable_integrity_monitoring": true,
                    "enable_secure_boot": false
                  }
                ],
                "tags": [],
                "taint": [],
                "workload_metadata_config": []
              }
            ],
            "node_locations": [
              "us-central1-b",
              "us-central1-c",
              "us-central1-f"
            ],
            "node_pool": [
              {
                "autoscaling": [],
                "initial_node_count": 1,
                "instance_group_urls": [
                  "https://www.googleapis.com/compute/v1/projects/wp-proj1-264618/zones/us-central1-f/instanceGroupManagers/gke-armandete-cluste-armandete-cluste-5202f1c6-grp",
                  "https://www.googleapis.com/compute/v1/projects/wp-proj1-264618/zones/us-central1-b/instanceGroupManagers/gke-armandete-cluste-armandete-cluste-e47eebee-grp",
                  "https://www.googleapis.com/compute/v1/projects/wp-proj1-264618/zones/us-central1-c/instanceGroupManagers/gke-armandete-cluste-armandete-cluste-fd86641c-grp"
                ],
                "management": [
                  {
                    "auto_repair": false,
                    "auto_upgrade": false
                  }
                ],
                "max_pods_per_node": 0,
                "name": "armandete-cluster-node-pool",
                "name_prefix": "",
                "node_config": [
                  {
                    "disk_size_gb": 100,
                    "disk_type": "pd-standard",
                    "guest_accelerator": [],
                    "image_type": "COS",
                    "labels": {},
                    "local_ssd_count": 0,
                    "machine_type": "g1-small",
                    "metadata": {
                      "disable-legacy-endpoints": "true"
                    },
                    "min_cpu_platform": "",
                    "oauth_scopes": [
                      "https://www.googleapis.com/auth/logging.write",
                      "https://www.googleapis.com/auth/monitoring"
                    ],
                    "preemptible": true,
                    "sandbox_config": [],
                    "service_account": "default",
                    "shielded_instance_config": [
                      {
                        "enable_integrity_monitoring": true,
                        "enable_secure_boot": false
                      }
                    ],
                    "tags": [],
                    "taint": [],
                    "workload_metadata_config": []
                  }
                ],
                "node_count": 1,
                "version": "1.13.11-gke.14"
              }
            ],
            "node_version": "1.13.11-gke.14",
            "operation": null,
            "pod_security_policy_config": [],
            "private_cluster_config": [],
            "project": "wp-proj1-264618",
            "region": null,
            "remove_default_node_pool": true,
            "resource_labels": {},
            "services_ipv4_cidr": "10.19.240.0/20",
            "subnetwork": "projects/wp-proj1-264618/regions/us-central1/subnetworks/default",
            "timeouts": null,
            "vertical_pod_autoscaling": [],
            "zone": null
          },
          "private": "eyJlMmJmYjczMC1lY2FhLTExZTYtOGY4OC0zNDM2M2JjN2M0YzAiOnsiY3JlYXRlIjoyNDAwMDAwMDAwMDAwLCJkZWxldGUiOjI0MDAwMDAwMDAwMDAsInVwZGF0ZSI6MzYwMDAwMDAwMDAwMH0sInNjaGVtYV92ZXJzaW9uIjoiMSJ9"
        }
      ]
    },
    {
      "mode": "managed",
      "type": "google_container_node_pool",
      "name": "default",
      "provider": "provider.google",
      "instances": [
        {
          "status": "tainted",
          "schema_version": 1,
          "attributes": {
            "autoscaling": [],
            "cluster": "armandete-cluster",
            "id": "projects/wp-proj1-264618/locations/us-central1/clusters/armandete-cluster/nodePools/armandete-cluster-node-pool",
            "initial_node_count": 1,
            "instance_group_urls": [
              "https://www.googleapis.com/compute/v1/projects/wp-proj1-264618/zones/us-central1-f/instanceGroupManagers/gke-armandete-cluste-armandete-cluste-5202f1c6-grp",
              "https://www.googleapis.com/compute/v1/projects/wp-proj1-264618/zones/us-central1-b/instanceGroupManagers/gke-armandete-cluste-armandete-cluste-e47eebee-grp",
              "https://www.googleapis.com/compute/v1/projects/wp-proj1-264618/zones/us-central1-c/instanceGroupManagers/gke-armandete-cluste-armandete-cluste-fd86641c-grp"
            ],
            "location": "us-central1",
            "management": [
              {
                "auto_repair": false,
                "auto_upgrade": false
              }
            ],
            "max_pods_per_node": null,
            "name": "armandete-cluster-node-pool",
            "name_prefix": "",
            "node_config": [
              {
                "disk_size_gb": 100,
                "disk_type": "pd-standard",
                "guest_accelerator": [],
                "image_type": "COS",
                "labels": {},
                "local_ssd_count": 0,
                "machine_type": "g1-small",
                "metadata": {
                  "disable-legacy-endpoints": "true"
                },
                "min_cpu_platform": "",
                "oauth_scopes": [
                  "https://www.googleapis.com/auth/logging.write",
                  "https://www.googleapis.com/auth/monitoring"
                ],
                "preemptible": true,
                "sandbox_config": [],
                "service_account": "default",
                "shielded_instance_config": [
                  {
                    "enable_integrity_monitoring": true,
                    "enable_secure_boot": false
                  }
                ],
                "tags": null,
                "taint": [],
                "workload_metadata_config": []
              }
            ],
            "node_count": 1,
            "project": "wp-proj1-264618",
            "region": null,
            "timeouts": null,
            "version": "1.13.11-gke.14",
            "zone": null
          },
          "private": "eyJlMmJmYjczMC1lY2FhLTExZTYtOGY4OC0zNDM2M2JjN2M0YzAiOnsiY3JlYXRlIjoxODAwMDAwMDAwMDAwLCJkZWxldGUiOjE4MDAwMDAwMDAwMDAsInVwZGF0ZSI6MTgwMDAwMDAwMDAwMH0sInNjaGVtYV92ZXJzaW9uIjoiMSJ9",
          "dependencies": [
            "google_container_cluster.default"
          ]
        }
      ]
    }
  ]
}
