{
  "version": 4,
  "terraform_version": "0.12.19",
  "serial": 15,
  "lineage": "e9ca4159-5554-eede-586a-ec21ea9f28db",
  "outputs": {
    "endpoint": {
      "value": "34.69.48.154",
      "type": "string"
    },
    "master_version": {
      "value": "1.13.11-gke.14",
      "type": "string"
    }
  },
  "resources": [
    {
      "mode": "managed",
      "type": "google_container_cluster",
      "name": "default",
      "provider": "provider.google",
      "instances": [
        {
          "schema_version": 1,
          "attributes": {
            "additional_zones": [],
            "addons_config": [
              {
                "horizontal_pod_autoscaling": [],
                "http_load_balancing": [],
                "kubernetes_dashboard": [],
                "network_policy_config": [
                  {
                    "disabled": true
                  }
                ]
              }
            ],
            "authenticator_groups_config": [],
            "cluster_autoscaling": [
              {
                "auto_provisioning_defaults": [],
                "enabled": false,
                "resource_limits": []
              }
            ],
            "cluster_ipv4_cidr": "10.16.0.0/14",
            "default_max_pods_per_node": 110,
            "description": "Armandete GKE Cluster",
            "enable_binary_authorization": null,
            "enable_intranode_visibility": null,
            "enable_kubernetes_alpha": false,
            "enable_legacy_abac": false,
            "enable_tpu": null,
            "endpoint": "34.69.48.154",
            "id": "projects/wp-proj1-264618/locations/us-central1/clusters/armandete-cluster",
            "initial_node_count": 1,
            "instance_group_urls": [],
            "ip_allocation_policy": [],
            "location": "us-central1",
            "logging_service": "logging.googleapis.com/kubernetes",
            "maintenance_policy": [],
            "master_auth": [
              {
                "client_certificate": "",
                "client_certificate_config": [
                  {
                    "issue_client_certificate": false
                  }
                ],
                "client_key": "",
                "cluster_ca_certificate": "LS0tLS1CRUdJTiBDRVJUSUZJQ0FURS0tLS0tCk1JSURDekNDQWZPZ0F3SUJBZ0lRUWdlNmJmNU92MDduY2hVazh5dHp1VEFOQmdrcWhraUc5dzBCQVFzRkFEQXYKTVMwd0t3WURWUVFERXlRNU1ETTVZbUkxWkMwd05UQTVMVFF6WW1ZdFlXTTJaUzA0TWpNMVpqUTNaVGt3WXpZdwpIaGNOTWpBd01URTBNakUxTnpJNVdoY05NalV3TVRFeU1qSTFOekk1V2pBdk1TMHdLd1lEVlFRREV5UTVNRE01ClltSTFaQzB3TlRBNUxUUXpZbVl0WVdNMlpTMDRNak0xWmpRM1pUa3dZell3Z2dFaU1BMEdDU3FHU0liM0RRRUIKQVFVQUE0SUJEd0F3Z2dFS0FvSUJBUURKWi9IcjFYc2xKUituWDNBMjlRd3RNb0w1ejVpelJYbmF1Qk1wZklSQQpaYjlZdS9ZYlZqamIyUTE5bDRUV09IZ09MTEdmRGdwWlF1dkgveG5ISWkveVFDSjhIU21CSHRqcHVHbkJabC8vCmt6RjM4ckV2Y3NndGdhZ0RkZFJCRC9XdE1QQTVkdHVEdldrK2NCZlZBdGMvdW5Cd2twbHBHQUczZVBNNXZpZGEKbG1oU0JwY0pLN0s3ejFUSjkyNjFhc0N2am1RYVhRVXRhZmFiZUNaY1QxVGFEa1pXYUVaamlpb2pUQm9BVm9hSAptU0RpMzUzb1BmSm15KzhuS0V0d05uUERaZW1XN0d0ME5GZy9KRXFiTHQ1OHVuNmtMRE9wQTFzR0RrK0RzWDh4CllTRW15ZmprK2VrZmpSSkp6QlVpc0d6K09DTWpiSW9aaitCbmtYdElFUmM3QWdNQkFBR2pJekFoTUE0R0ExVWQKRHdFQi93UUVBd0lDQkRBUEJnTlZIUk1CQWY4RUJUQURBUUgvTUEwR0NTcUdTSWIzRFFFQkN3VUFBNElCQVFDVwpSdk1MRzFJelh1ODZiYjYzR3VBSGhjbmJjbkZCUGZCK2EwRjl6c01kOWhJaHdVTFVJQWwxMVRFSjdlNnVFclBuCnk3azBXNjV2UEZHb2YwZk43MkEvUUZvNUxwbVVPUTRLbklSczhjVUFNb2JQcGNlaUNQQXZNMFUyL2cwSW9iQlcKV0k0MWs3YkZBV3JKYkNwWEd2RUNlT2VESmtmbTFGOWtmbTl0UWZNVkM0NEZGOVNkSW92RS9JZnBzM3NQVU9mMAp3YW1RSklZdUJ4NmJnM1FFMG91Y3g4UHpUYUdURHlhVnhURHFqSTBSM2hWcFNHRThxamdNbHljUzhjK21uNmovCjFoT2xtbEJYTW5vUmNVc3NYNTlkR2o5ckovK2pkQ3NqWWM2VTdsVzYxMHBWVVdaVW0yR1AwellmOFkvTVpTRmIKNUllQVBHMEdvdHVMZUNRQ1pvSXUKLS0tLS1FTkQgQ0VSVElGSUNBVEUtLS0tLQo=",
                "password": "",
                "username": ""
              }
            ],
            "master_authorized_networks_config": [],
            "master_version": "1.13.11-gke.14",
            "min_master_version": null,
            "monitoring_service": "monitoring.googleapis.com/kubernetes",
            "name": "armandete-cluster",
            "network": "projects/wp-proj1-264618/global/networks/default",
            "network_policy": [
              {
                "enabled": false,
                "provider": "PROVIDER_UNSPECIFIED"
              }
            ],
            "node_config": [],
            "node_locations": [
              "us-central1-b",
              "us-central1-c",
              "us-central1-f"
            ],
            "node_pool": [],
            "node_version": "1.13.11-gke.14",
            "operation": null,
            "pod_security_policy_config": null,
            "private_cluster_config": [],
            "project": "wp-proj1-264618",
            "region": null,
            "remove_default_node_pool": true,
            "resource_labels": null,
            "services_ipv4_cidr": "10.19.240.0/20",
            "subnetwork": "projects/wp-proj1-264618/regions/us-central1/subnetworks/default",
            "timeouts": null,
            "vertical_pod_autoscaling": [],
            "zone": null
          },
          "private": "eyJlMmJmYjczMC1lY2FhLTExZTYtOGY4OC0zNDM2M2JjN2M0YzAiOnsiY3JlYXRlIjoyNDAwMDAwMDAwMDAwLCJkZWxldGUiOjI0MDAwMDAwMDAwMDAsInVwZGF0ZSI6MzYwMDAwMDAwMDAwMH0sInNjaGVtYV92ZXJzaW9uIjoiMSJ9"
        }
      ]
    },
    {
      "mode": "managed",
      "type": "google_container_node_pool",
      "name": "default",
      "provider": "provider.google",
      "instances": [
        {
          "schema_version": 1,
          "attributes": {
            "autoscaling": [],
            "cluster": "armandete-cluster",
            "id": "projects/wp-proj1-264618/locations/us-central1/clusters/armandete-cluster/nodePools/armandete-cluster-node-pool",
            "initial_node_count": 1,
            "instance_group_urls": [
              "https://www.googleapis.com/compute/v1/projects/wp-proj1-264618/zones/us-central1-c/instanceGroupManagers/gke-armandete-cluste-armandete-cluste-ba717535-grp",
              "https://www.googleapis.com/compute/v1/projects/wp-proj1-264618/zones/us-central1-f/instanceGroupManagers/gke-armandete-cluste-armandete-cluste-5e45a241-grp",
              "https://www.googleapis.com/compute/v1/projects/wp-proj1-264618/zones/us-central1-b/instanceGroupManagers/gke-armandete-cluste-armandete-cluste-1e8715c8-grp"
            ],
            "location": "us-central1",
            "management": [
              {
                "auto_repair": false,
                "auto_upgrade": false
              }
            ],
            "max_pods_per_node": null,
            "name": "armandete-cluster-node-pool",
            "name_prefix": "",
            "node_config": [
              {
                "disk_size_gb": 100,
                "disk_type": "pd-standard",
                "guest_accelerator": [],
                "image_type": "COS",
                "labels": {},
                "local_ssd_count": 0,
                "machine_type": "g1-small",
                "metadata": {
                  "disable-legacy-endpoints": "true"
                },
                "min_cpu_platform": "",
                "oauth_scopes": [
                  "https://www.googleapis.com/auth/logging.write",
                  "https://www.googleapis.com/auth/monitoring"
                ],
                "preemptible": true,
                "sandbox_config": [],
                "service_account": "default",
                "shielded_instance_config": [
                  {
                    "enable_integrity_monitoring": true,
                    "enable_secure_boot": false
                  }
                ],
                "tags": null,
                "taint": [],
                "workload_metadata_config": []
              }
            ],
            "node_count": 1,
            "project": "wp-proj1-264618",
            "region": null,
            "timeouts": null,
            "version": "1.13.11-gke.14",
            "zone": null
          },
          "private": "eyJlMmJmYjczMC1lY2FhLTExZTYtOGY4OC0zNDM2M2JjN2M0YzAiOnsiY3JlYXRlIjoxODAwMDAwMDAwMDAwLCJkZWxldGUiOjE4MDAwMDAwMDAwMDAsInVwZGF0ZSI6MTgwMDAwMDAwMDAwMH0sInNjaGVtYV92ZXJzaW9uIjoiMSJ9",
          "dependencies": [
            "google_container_cluster.default"
          ]
        }
      ]
    }
  ]
}
